
Microsoft Visual Studio Solution File, Format Version 12.00
# Visual Studio Version 17
VisualStudioVersion = 17.0.32014.148
MinimumVisualStudioVersion = 10.0.40219.1
Project("{FAE04EC0-301F-11D3-BF4B-00C04F79EFBC}") = "cleanCode", "cleanCode\cleanCode.csproj", "{61526A72-29D5-4F86-BFC4-430440C11A3F}"
EndProject
Project("{FAE04EC0-301F-11D3-BF4B-00C04F79EFBC}") = "CleanetCode.GuessingNumberGame", "CleanetCode.GuessingGame\CleanetCode.GuessingNumberGame.csproj", "{E2FDE132-7BB0-4EEE-9E17-5C6A49E28476}"
EndProject
Project("{FAE04EC0-301F-11D3-BF4B-00C04F79EFBC}") = "CleanetCode.ToDoList", "CleanetCode.ToDoList\CleanetCode.ToDoList.csproj", "{5E92E422-2762-43EF-9AA4-4905222F028A}"
EndProject
Global
	GlobalSection(SolutionConfigurationPlatforms) = preSolution
		Debug|Any CPU = Debug|Any CPU
		Release|Any CPU = Release|Any CPU
	EndGlobalSection
	GlobalSection(ProjectConfigurationPlatforms) = postSolution
		{61526A72-29D5-4F86-BFC4-430440C11A3F}.Debug|Any CPU.ActiveCfg = Debug|Any CPU
		{61526A72-29D5-4F86-BFC4-430440C11A3F}.Debug|Any CPU.Build.0 = Debug|Any CPU
		{61526A72-29D5-4F86-BFC4-430440C11A3F}.Release|Any CPU.ActiveCfg = Release|Any CPU
		{61526A72-29D5-4F86-BFC4-430440C11A3F}.Release|Any CPU.Build.0 = Release|Any CPU
		{E2FDE132-7BB0-4EEE-9E17-5C6A49E28476}.Debug|Any CPU.ActiveCfg = Debug|Any CPU
		{E2FDE132-7BB0-4EEE-9E17-5C6A49E28476}.Debug|Any CPU.Build.0 = Debug|Any CPU
		{E2FDE132-7BB0-4EEE-9E17-5C6A49E28476}.Release|Any CPU.ActiveCfg = Release|Any CPU
		{E2FDE132-7BB0-4EEE-9E17-5C6A49E28476}.Release|Any CPU.Build.0 = Release|Any CPU
		{5E92E422-2762-43EF-9AA4-4905222F028A}.Debug|Any CPU.ActiveCfg = Debug|Any CPU
		{5E92E422-2762-43EF-9AA4-4905222F028A}.Debug|Any CPU.Build.0 = Debug|Any CPU
		{5E92E422-2762-43EF-9AA4-4905222F028A}.Release|Any CPU.ActiveCfg = Release|Any CPU
		{5E92E422-2762-43EF-9AA4-4905222F028A}.Release|Any CPU.Build.0 = Release|Any CPU
	EndGlobalSection
	GlobalSection(SolutionProperties) = preSolution
		HideSolutionNode = FALSE
	EndGlobalSection
	GlobalSection(ExtensibilityGlobals) = postSolution
		SolutionGuid = {6A9A540B-B973-4C51-94EC-B9BF77A334C1}
	EndGlobalSection
EndGlobal
